// !$*UTF8*$!
{
	archiveVersion = 1;
	classes = {
	};
	objectVersion = 50;
	objects = {

/* Begin PBXBuildFile section */
		1BC7B91F22DE2E200028533F /* main.cpp in Sources */ = {isa = PBXBuildFile; fileRef = 1BC7B91E22DE2E200028533F /* main.cpp */; };
		1BC7B92722DE2E730028533F /* Ent.cpp in Sources */ = {isa = PBXBuildFile; fileRef = 1BC7B92522DE2E730028533F /* Ent.cpp */; };
		1BC7B92A22DE2ECD0028533F /* Maze.cpp in Sources */ = {isa = PBXBuildFile; fileRef = 1BC7B92822DE2ECD0028533F /* Maze.cpp */; };
		1BC7B92D22DE2F190028533F /* Monster.cpp in Sources */ = {isa = PBXBuildFile; fileRef = 1BC7B92B22DE2F190028533F /* Monster.cpp */; };
		1BC7B93022DE2F450028533F /* UrukHai.cpp in Sources */ = {isa = PBXBuildFile; fileRef = 1BC7B92E22DE2F450028533F /* UrukHai.cpp */; };
/* End PBXBuildFile section */

/* Begin PBXCopyFilesBuildPhase section */
		1BC7B91922DE2E200028533F /* CopyFiles */ = {
			isa = PBXCopyFilesBuildPhase;
			buildActionMask = 2147483647;
			dstPath = /usr/share/man/man1/;
			dstSubfolderSpec = 0;
			files = (
			);
			runOnlyForDeploymentPostprocessing = 1;
		};
/* End PBXCopyFilesBuildPhase section */

/* Begin PBXFileReference section */
		1BC7B91B22DE2E200028533F /* Monster Maze */ = {isa = PBXFileReference; explicitFileType = "compiled.mach-o.executable"; includeInIndex = 0; path = "Monster Maze"; sourceTree = BUILT_PRODUCTS_DIR; };
		1BC7B91E22DE2E200028533F /* main.cpp */ = {isa = PBXFileReference; lastKnownFileType = sourcecode.cpp.cpp; path = main.cpp; sourceTree = "<group>"; };
		1BC7B92522DE2E730028533F /* Ent.cpp */ = {isa = PBXFileReference; lastKnownFileType = sourcecode.cpp.cpp; path = Ent.cpp; sourceTree = "<group>"; };
		1BC7B92622DE2E730028533F /* Ent.hpp */ = {isa = PBXFileReference; lastKnownFileType = sourcecode.cpp.h; path = Ent.hpp; sourceTree = "<group>"; };
		1BC7B92822DE2ECD0028533F /* Maze.cpp */ = {isa = PBXFileReference; lastKnownFileType = sourcecode.cpp.cpp; path = Maze.cpp; sourceTree = "<group>"; };
		1BC7B92922DE2ECD0028533F /* Maze.hpp */ = {isa = PBXFileReference; lastKnownFileType = sourcecode.cpp.h; path = Maze.hpp; sourceTree = "<group>"; };
		1BC7B92B22DE2F190028533F /* Monster.cpp */ = {isa = PBXFileReference; lastKnownFileType = sourcecode.cpp.cpp; path = Monster.cpp; sourceTree = "<group>"; };
		1BC7B92C22DE2F190028533F /* Monster.hpp */ = {isa = PBXFileReference; lastKnownFileType = sourcecode.cpp.h; path = Monster.hpp; sourceTree = "<group>"; };
		1BC7B92E22DE2F450028533F /* UrukHai.cpp */ = {isa = PBXFileReference; lastKnownFileType = sourcecode.cpp.cpp; path = UrukHai.cpp; sourceTree = "<group>"; };
		1BC7B92F22DE2F450028533F /* UrukHai.hpp */ = {isa = PBXFileReference; lastKnownFileType = sourcecode.cpp.h; path = UrukHai.hpp; sourceTree = "<group>"; };
/* End PBXFileReference section */

/* Begin PBXFrameworksBuildPhase section */
		1BC7B91822DE2E200028533F /* Frameworks */ = {
			isa = PBXFrameworksBuildPhase;
			buildActionMask = 2147483647;
			files = (
			);
			runOnlyForDeploymentPostprocessing = 0;
		};
/* End PBXFrameworksBuildPhase section */

/* Begin PBXGroup section */
		1BC7B91222DE2E200028533F = {
			isa = PBXGroup;
			children = (
				1BC7B91D22DE2E200028533F /* Monster Maze */,
				1BC7B91C22DE2E200028533F /* Products */,
			);
			sourceTree = "<group>";
		};
		1BC7B91C22DE2E200028533F /* Products */ = {
			isa = PBXGroup;
			children = (
				1BC7B91B22DE2E200028533F /* Monster Maze */,
			);
			name = Products;
			sourceTree = "<group>";
		};
		1BC7B91D22DE2E200028533F /* Monster Maze */ = {
			isa = PBXGroup;
			children = (
				1BC7B91E22DE2E200028533F /* main.cpp */,
				1BC7B92522DE2E730028533F /* Ent.cpp */,
				1BC7B92622DE2E730028533F /* Ent.hpp */,
				1BC7B92822DE2ECD0028533F /* Maze.cpp */,
				1BC7B92922DE2ECD0028533F /* Maze.hpp */,
				1BC7B92B22DE2F190028533F /* Monster.cpp */,
				1BC7B92C22DE2F190028533F /* Monster.hpp */,
				1BC7B92E22DE2F450028533F /* UrukHai.cpp */,
				1BC7B92F22DE2F450028533F /* UrukHai.hpp */,
			);
			path = "Monster Maze";
			sourceTree = "<group>";
		};
/* End PBXGroup section */

/* Begin PBXNativeTarget section */
		1BC7B91A22DE2E200028533F /* Monster Maze */ = {
			isa = PBXNativeTarget;
			buildConfigurationList = 1BC7B92222DE2E200028533F /* Build configuration list for PBXNativeTarget "Monster Maze" */;
			buildPhases = (
				1BC7B91722DE2E200028533F /* Sources */,
				1BC7B91822DE2E200028533F /* Frameworks */,
				1BC7B91922DE2E200028533F /* CopyFiles */,
			);
			buildRules = (
			);
			dependencies = (
			);
			name = "Monster Maze";
			productName = "Monster Maze";
			productReference = 1BC7B91B22DE2E200028533F /* Monster Maze */;
			productType = "com.apple.product-type.tool";
		};
/* End PBXNativeTarget section */

/* Begin PBXProject section */
		1BC7B91322DE2E200028533F /* Project object */ = {
			isa = PBXProject;
			attributes = {
				LastUpgradeCheck = 1010;
				ORGANIZATIONNAME = "Robert Schwartz";
				TargetAttributes = {
					1BC7B91A22DE2E200028533F = {
						CreatedOnToolsVersion = 10.1;
					};
				};
			};
			buildConfigurationList = 1BC7B91622DE2E200028533F /* Build configuration list for PBXProject "Monster Maze" */;
			compatibilityVersion = "Xcode 9.3";
			developmentRegion = en;
			hasScannedForEncodings = 0;
			knownRegions = (
				en,
			);
			mainGroup = 1BC7B91222DE2E200028533F;
			productRefGroup = 1BC7B91C22DE2E200028533F /* Products */;
			projectDirPath = "";
			projectRoot = "";
			targets = (
				1BC7B91A22DE2E200028533F /* Monster Maze */,
			);
		};
/* End PBXProject section */

/* Begin PBXSourcesBuildPhase section */
		1BC7B91722DE2E200028533F /* Sources */ = {
			isa = PBXSourcesBuildPhase;
			buildActionMask = 2147483647;
			files = (
				1BC7B92D22DE2F190028533F /* Monster.cpp in Sources */,
				1BC7B92A22DE2ECD0028533F /* Maze.cpp in Sources */,
				1BC7B91F22DE2E200028533F /* main.cpp in Sources */,
				1BC7B92722DE2E730028533F /* Ent.cpp in Sources */,
				1BC7B93022DE2F450028533F /* UrukHai.cpp in Sources */,
			);
			runOnlyForDeploymentPostprocessing = 0;
		};
/* End PBXSourcesBuildPhase section */

/* Begin XCBuildConfiguration section */
		1BC7B92022DE2E200028533F /* Debug */ = {
			isa = XCBuildConfiguration;
			buildSettings = {
				ALWAYS_SEARCH_USER_PATHS = NO;
				CLANG_ANALYZER_NONNULL = YES;
				CLANG_ANALYZER_NUMBER_OBJECT_CONVERSION = YES_AGGRESSIVE;
				CLANG_CXX_LANGUAGE_STANDARD = "gnu++14";
				CLANG_CXX_LIBRARY = "libc++";
				CLANG_ENABLE_MODULES = YES;
				CLANG_ENABLE_OBJC_ARC = YES;
				CLANG_ENABLE_OBJC_WEAK = YES;
				CLANG_WARN_BLOCK_CAPTURE_AUTORELEASING = YES;
				CLANG_WARN_BOOL_CONVERSION = YES;
				CLANG_WARN_COMMA = YES;
				CLANG_WARN_CONSTANT_CONVERSION = YES;
				CLANG_WARN_DEPRECATED_OBJC_IMPLEMENTATIONS = YES;
				CLANG_WARN_DIRECT_OBJC_ISA_USAGE = YES_ERROR;
				CLANG_WARN_DOCUMENTATION_COMMENTS = YES;
				CLANG_WARN_EMPTY_BODY = YES;
				CLANG_WARN_ENUM_CONVERSION = YES;
				CLANG_WARN_INFINITE_RECURSION = YES;
				CLANG_WARN_INT_CONVERSION = YES;
				CLANG_WARN_NON_LITERAL_NULL_CONVERSION = YES;
				CLANG_WARN_OBJC_IMPLICIT_RETAIN_SELF = YES;
				CLANG_WARN_OBJC_LITERAL_CONVERSION = YES;
				CLANG_WARN_OBJC_ROOT_CLASS = YES_ERROR;
				CLANG_WARN_RANGE_LOOP_ANALYSIS = YES;
				CLANG_WARN_STRICT_PROTOTYPES = YES;
				CLANG_WARN_SUSPICIOUS_MOVE = YES;
				CLANG_WARN_UNGUARDED_AVAILABILITY = YES_AGGRESSIVE;
				CLANG_WARN_UNREACHABLE_CODE = YES;
				CLANG_WARN__DUPLICATE_METHOD_MATCH = YES;
				CODE_SIGN_IDENTITY = "Mac Developer";
				COPY_PHASE_STRIP = NO;
				DEBUG_INFORMATION_FORMAT = dwarf;
				ENABLE_STRICT_OBJC_MSGSEND = YES;
				ENABLE_TESTABILITY = YES;
				GCC_C_LANGUAGE_STANDARD = gnu11;
				GCC_DYNAMIC_NO_PIC = NO;
				GCC_NO_COMMON_BLOCKS = YES;
				GCC_OPTIMIZATION_LEVEL = 0;
				GCC_PREPROCESSOR_DEFINITIONS = (
					"DEBUG=1",
					"$(inherited)",
				);
				GCC_WARN_64_TO_32_BIT_CONVERSION = YES;
				GCC_WARN_ABOUT_RETURN_TYPE = YES_ERROR;
				GCC_WARN_UNDECLARED_SELECTOR = YES;
				GCC_WARN_UNINITIALIZED_AUTOS = YES_AGGRESSIVE;
				GCC_WARN_UNUSED_FUNCTION = YES;
				GCC_WARN_UNUSED_VARIABLE = YES;
				MACOSX_DEPLOYMENT_TARGET = 10.14;
				MTL_ENABLE_DEBUG_INFO = INCLUDE_SOURCE;
				MTL_FAST_MATH = YES;
				ONLY_ACTIVE_ARCH = YES;
				SDKROOT = macosx;
			};
			name = Debug;
		};
		1BC7B92122DE2E200028533F /* Release */ = {
			isa = XCBuildConfiguration;
			buildSettings = {
				ALWAYS_SEARCH_USER_PATHS = NO;
				CLANG_ANALYZER_NONNULL = YES;
				CLANG_ANALYZER_NUMBER_OBJECT_CONVERSION = YES_AGGRESSIVE;
				CLANG_CXX_LANGUAGE_STANDARD = "gnu++14";
				CLANG_CXX_LIBRARY = "libc++";
				CLANG_ENABLE_MODULES = YES;
				CLANG_ENABLE_OBJC_ARC = YES;
				CLANG_ENABLE_OBJC_WEAK = YES;
				CLANG_WARN_BLOCK_CAPTURE_AUTORELEASING = YES;
				CLANG_WARN_BOOL_CONVERSION = YES;
				CLANG_WARN_COMMA = YES;
				CLANG_WARN_CONSTANT_CONVERSION = YES;
				CLANG_WARN_DEPRECATED_OBJC_IMPLEMENTATIONS = YES;
				CLANG_WARN_DIRECT_OBJC_ISA_USAGE = YES_ERROR;
				CLANG_WARN_DOCUMENTATION_COMMENTS = YES;
				CLANG_WARN_EMPTY_BODY = YES;
				CLANG_WARN_ENUM_CONVERSION = YES;
				CLANG_WARN_INFINITE_RECURSION = YES;
				CLANG_WARN_INT_CONVERSION = YES;
				CLANG_WARN_NON_LITERAL_NULL_CONVERSION = YES;
				CLANG_WARN_OBJC_IMPLICIT_RETAIN_SELF = YES;
				CLANG_WARN_OBJC_LITERAL_CONVERSION = YES;
				CLANG_WARN_OBJC_ROOT_CLASS = YES_ERROR;
				CLANG_WARN_RANGE_LOOP_ANALYSIS = YES;
				CLANG_WARN_STRICT_PROTOTYPES = YES;
				CLANG_WARN_SUSPICIOUS_MOVE = YES;
				CLANG_WARN_UNGUARDED_AVAILABILITY = YES_AGGRESSIVE;
				CLANG_WARN_UNREACHABLE_CODE = YES;
				CLANG_WARN__DUPLICATE_METHOD_MATCH = YES;
				CODE_SIGN_IDENTITY = "Mac Developer";
				COPY_PHASE_STRIP = NO;
				DEBUG_INFORMATION_FORMAT = "dwarf-with-dsym";
				ENABLE_NS_ASSERTIONS = NO;
				ENABLE_STRICT_OBJC_MSGSEND = YES;
				GCC_C_LANGUAGE_STANDARD = gnu11;
				GCC_NO_COMMON_BLOCKS = YES;
				GCC_WARN_64_TO_32_BIT_CONVERSION = YES;
				GCC_WARN_ABOUT_RETURN_TYPE = YES_ERROR;
				GCC_WARN_UNDECLARED_SELECTOR = YES;
				GCC_WARN_UNINITIALIZED_AUTOS = YES_AGGRESSIVE;
				GCC_WARN_UNUSED_FUNCTION = YES;
				GCC_WARN_UNUSED_VARIABLE = YES;
				MACOSX_DEPLOYMENT_TARGET = 10.14;
				MTL_ENABLE_DEBUG_INFO = NO;
				MTL_FAST_MATH = YES;
				SDKROOT = macosx;
			};
			name = Release;
		};
		1BC7B92322DE2E200028533F /* Debug */ = {
			isa = XCBuildConfiguration;
			buildSettings = {
				CODE_SIGN_STYLE = Automatic;
				DEVELOPMENT_TEAM = XVKVRGMY27;
				PRODUCT_NAME = "$(TARGET_NAME)";
			};
			name = Debug;
		};
		1BC7B92422DE2E200028533F /* Release */ = {
			isa = XCBuildConfiguration;
			buildSettings = {
				CODE_SIGN_STYLE = Automatic;
				DEVELOPMENT_TEAM = XVKVRGMY27;
				PRODUCT_NAME = "$(TARGET_NAME)";
			};
			name = Release;
		};
/* End XCBuildConfiguration section */

/* Begin XCConfigurationList section */
		1BC7B91622DE2E200028533F /* Build configuration list for PBXProject "Monster Maze" */ = {
			isa = XCConfigurationList;
			buildConfigurations = (
				1BC7B92022DE2E200028533F /* Debug */,
				1BC7B92122DE2E200028533F /* Release */,
			);
			defaultConfigurationIsVisible = 0;
			defaultConfigurationName = Release;
		};
		1BC7B92222DE2E200028533F /* Build configuration list for PBXNativeTarget "Monster Maze" */ = {
			isa = XCConfigurationList;
			buildConfigurations = (
				1BC7B92322DE2E200028533F /* Debug */,
				1BC7B92422DE2E200028533F /* Release */,
			);
			defaultConfigurationIsVisible = 0;
			defaultConfigurationName = Release;
		};
/* End XCConfigurationList section */
	};
	rootObject = 1BC7B91322DE2E200028533F /* Project object */;
}
